
Microsoft Visual Studio Solution File, Format Version 12.00
# Visual Studio Version 17
VisualStudioVersion = 17.11.35327.3
MinimumVisualStudioVersion = 10.0.40219.1
Project("{8BC9CEB8-8B4A-11D0-8D11-00A0C91BC942}") = "src", "src\src.vcxproj", "{54D9697F-F768-4D8F-A8D4-B48FCF35917B}"
EndProject
Global
	GlobalSection(SolutionConfigurationPlatforms) = preSolution
		Debug|x64 = Debug|x64
		Release|x64 = Release|x64
		Sanitize|x64 = Sanitize|x64
	EndGlobalSection
	GlobalSection(ProjectConfigurationPlatforms) = postSolution
		{54D9697F-F768-4D8F-A8D4-B48FCF35917B}.Debug|x64.ActiveCfg = Debug|x64
		{54D9697F-F768-4D8F-A8D4-B48FCF35917B}.Debug|x64.Build.0 = Debug|x64
		{54D9697F-F768-4D8F-A8D4-B48FCF35917B}.Release|x64.ActiveCfg = Release|x64
		{54D9697F-F768-4D8F-A8D4-B48FCF35917B}.Release|x64.Build.0 = Release|x64
		{54D9697F-F768-4D8F-A8D4-B48FCF35917B}.Sanitize|x64.ActiveCfg = Sanitize|x64
		{54D9697F-F768-4D8F-A8D4-B48FCF35917B}.Sanitize|x64.Build.0 = Sanitize|x64
	EndGlobalSection
	GlobalSection(SolutionProperties) = preSolution
		HideSolutionNode = FALSE
	EndGlobalSection
	GlobalSection(ExtensibilityGlobals) = postSolution
		SolutionGuid = {66119D49-A137-459F-B292-80ABBD8F2023}
	EndGlobalSection
EndGlobal
