<?xml version="1.0" encoding="utf-8"?>
<Project ToolsVersion="4.0" xmlns="http://schemas.microsoft.com/developer/msbuild/2003">
  <ItemGroup>
    <Filter Include="Archivos de código fuente">
      <UniqueIdentifier>{4FC737F1-C7A5-4376-A066-2A32D752A2FF}</UniqueIdentifier>
      <Extensions>cpp;c;cc;cxx;c++;cppm;ixx;def;odl;idl;hpj;bat;asm;asmx</Extensions>
    </Filter>
    <Filter Include="Archivos de encabezado">
      <UniqueIdentifier>{93995380-89BD-4b04-88EB-625FBE52EBFB}</UniqueIdentifier>
      <Extensions>h;hh;hpp;hxx;h++;hm;inl;inc;ipp;xsd</Extensions>
    </Filter>
    <Filter Include="Archivos de recursos">
      <UniqueIdentifier>{67DA6AB6-F800-4c08-8B7A-83BB121AAD01}</UniqueIdentifier>
      <Extensions>rc;ico;cur;bmp;dlg;rc2;rct;bin;rgs;gif;jpg;jpeg;jpe;resx;tiff;tif;png;wav;mfcribbon-ms</Extensions>
    </Filter>
    <Filter Include="Archivos de código fuente\GameObjects">
      <UniqueIdentifier>{be961a45-c0a3-4fc2-8841-633c9146972c}</UniqueIdentifier>
    </Filter>
    <Filter Include="Archivos de código fuente\GameObjects\SceneObjects">
      <UniqueIdentifier>{851c5bd5-e4ff-4559-a010-de4d2ced5ac6}</UniqueIdentifier>
    </Filter>
    <Filter Include="Archivos de código fuente\Errors">
      <UniqueIdentifier>{048a5802-1683-4d44-9f2a-118e465635fe}</UniqueIdentifier>
    </Filter>
    <Filter Include="Archivos de código fuente\States">
      <UniqueIdentifier>{82ccac35-9d46-4625-b902-541e2775c1d5}</UniqueIdentifier>
    </Filter>
    <Filter Include="Archivos de encabezado\Errors">
      <UniqueIdentifier>{1344e662-5983-400b-be15-7e6478d26494}</UniqueIdentifier>
    </Filter>
    <Filter Include="Archivos de encabezado\States">
      <UniqueIdentifier>{20ff846b-e125-4085-9d96-d551764817e7}</UniqueIdentifier>
    </Filter>
    <Filter Include="Archivos de encabezado\GameObjects">
      <UniqueIdentifier>{8ef9a82d-f7bb-4b0f-8290-c03f4e264a50}</UniqueIdentifier>
    </Filter>
    <Filter Include="Archivos de encabezado\GameObjects\SceneObjects">
      <UniqueIdentifier>{74cc8643-c9ca-48ec-9bb3-ec95f447cebb}</UniqueIdentifier>
    </Filter>
  </ItemGroup>
  <ItemGroup>
    <ClCompile Include="game.cpp">
      <Filter>Archivos de código fuente</Filter>
    </ClCompile>
    <ClCompile Include="main.cpp">
      <Filter>Archivos de código fuente</Filter>
    </ClCompile>
    <ClCompile Include="texture.cpp">
      <Filter>Archivos de código fuente</Filter>
    </ClCompile>
    <ClCompile Include="EventHandler.cpp">
      <Filter>Archivos de código fuente</Filter>
    </ClCompile>
    <ClCompile Include="EndState.cpp">
      <Filter>Archivos de código fuente\States</Filter>
    </ClCompile>
    <ClCompile Include="MainMenuState.cpp">
      <Filter>Archivos de código fuente\States</Filter>
    </ClCompile>
    <ClCompile Include="PlayState.cpp">
      <Filter>Archivos de código fuente\States</Filter>
    </ClCompile>
    <ClCompile Include="FileFormatError.cpp">
      <Filter>Archivos de código fuente\Errors</Filter>
    </ClCompile>
    <ClCompile Include="FileNotFoundError.cpp">
      <Filter>Archivos de código fuente\Errors</Filter>
    </ClCompile>
    <ClCompile Include="SDLError.cpp">
      <Filter>Archivos de código fuente\Errors</Filter>
    </ClCompile>
    <ClCompile Include="GameError.cpp">
      <Filter>Archivos de código fuente\Errors</Filter>
    </ClCompile>
    <ClCompile Include="PauseState.cpp">
      <Filter>Archivos de código fuente\States</Filter>
    </ClCompile>
    <ClCompile Include="Crosser.cpp">
      <Filter>Archivos de código fuente\GameObjects\SceneObjects</Filter>
    </ClCompile>
    <ClCompile Include="Frog.cpp">
      <Filter>Archivos de código fuente\GameObjects\SceneObjects</Filter>
    </ClCompile>
    <ClCompile Include="HomeFrog.cpp">
      <Filter>Archivos de código fuente\GameObjects\SceneObjects</Filter>
    </ClCompile>
    <ClCompile Include="Log.cpp">
      <Filter>Archivos de código fuente\GameObjects\SceneObjects</Filter>
    </ClCompile>
    <ClCompile Include="Platform.cpp">
      <Filter>Archivos de código fuente\GameObjects\SceneObjects</Filter>
    </ClCompile>
    <ClCompile Include="TurtleGroup.cpp">
      <Filter>Archivos de código fuente\GameObjects\SceneObjects</Filter>
    </ClCompile>
    <ClCompile Include="Vehicle.cpp">
      <Filter>Archivos de código fuente\GameObjects\SceneObjects</Filter>
    </ClCompile>
    <ClCompile Include="Wasp.cpp">
      <Filter>Archivos de código fuente\GameObjects\SceneObjects</Filter>
    </ClCompile>
    <ClCompile Include="InfoBar.cpp">
      <Filter>Archivos de código fuente\GameObjects</Filter>
    </ClCompile>
    <ClCompile Include="Label.cpp">
      <Filter>Archivos de código fuente\GameObjects</Filter>
    </ClCompile>
    <ClCompile Include="SceneObject.cpp">
      <Filter>Archivos de código fuente\GameObjects\SceneObjects</Filter>
    </ClCompile>
    <ClCompile Include="gameStateMachine.cpp">
      <Filter>Archivos de código fuente</Filter>
    </ClCompile>
    <ClCompile Include="SDLApplication.cpp">
      <Filter>Archivos de código fuente</Filter>
    </ClCompile>
  </ItemGroup>
  <ItemGroup>
    <ClInclude Include="game.h">
      <Filter>Archivos de encabezado</Filter>
    </ClInclude>
    <ClInclude Include="texture.h">
      <Filter>Archivos de encabezado</Filter>
    </ClInclude>
    <ClInclude Include="vector2D.h">
      <Filter>Archivos de encabezado</Filter>
    </ClInclude>
    <ClInclude Include="EventHandler.h">
      <Filter>Archivos de encabezado</Filter>
    </ClInclude>
    <ClInclude Include="gameStateMachine.h">
      <Filter>Archivos de encabezado</Filter>
    </ClInclude>
    <ClInclude Include="EndState.h">
      <Filter>Archivos de encabezado\States</Filter>
    </ClInclude>
    <ClInclude Include="GameState.h">
      <Filter>Archivos de encabezado\States</Filter>
    </ClInclude>
    <ClInclude Include="MainMenuState.h">
      <Filter>Archivos de encabezado\States</Filter>
    </ClInclude>
    <ClInclude Include="PauseState.h">
      <Filter>Archivos de encabezado\States</Filter>
    </ClInclude>
    <ClInclude Include="PlayState.h">
      <Filter>Archivos de encabezado\States</Filter>
    </ClInclude>
    <ClInclude Include="FileFormatError.h">
      <Filter>Archivos de encabezado\Errors</Filter>
    </ClInclude>
    <ClInclude Include="FileNotFoundError.h">
      <Filter>Archivos de encabezado\Errors</Filter>
    </ClInclude>
    <ClInclude Include="SDLError.h">
      <Filter>Archivos de encabezado\Errors</Filter>
    </ClInclude>
    <ClInclude Include="GameError.h">
      <Filter>Archivos de encabezado\Errors</Filter>
    </ClInclude>
    <ClInclude Include="Crosser.h">
      <Filter>Archivos de encabezado\GameObjects\SceneObjects</Filter>
    </ClInclude>
    <ClInclude Include="Frog.h">
      <Filter>Archivos de encabezado\GameObjects\SceneObjects</Filter>
    </ClInclude>
    <ClInclude Include="HomeFrog.h">
      <Filter>Archivos de encabezado\GameObjects\SceneObjects</Filter>
    </ClInclude>
    <ClInclude Include="Log.h">
      <Filter>Archivos de encabezado\GameObjects\SceneObjects</Filter>
    </ClInclude>
    <ClInclude Include="Platform.h">
      <Filter>Archivos de encabezado\GameObjects\SceneObjects</Filter>
    </ClInclude>
    <ClInclude Include="SceneObject.h">
      <Filter>Archivos de encabezado\GameObjects\SceneObjects</Filter>
    </ClInclude>
    <ClInclude Include="TurtleGroup.h">
      <Filter>Archivos de encabezado\GameObjects\SceneObjects</Filter>
    </ClInclude>
    <ClInclude Include="Vehicle.h">
      <Filter>Archivos de encabezado\GameObjects\SceneObjects</Filter>
    </ClInclude>
    <ClInclude Include="Wasp.h">
      <Filter>Archivos de encabezado\GameObjects\SceneObjects</Filter>
    </ClInclude>
    <ClInclude Include="GameObject.h">
      <Filter>Archivos de encabezado\GameObjects</Filter>
    </ClInclude>
    <ClInclude Include="InfoBar.h">
      <Filter>Archivos de encabezado\GameObjects</Filter>
    </ClInclude>
    <ClInclude Include="Label.h">
      <Filter>Archivos de encabezado\GameObjects</Filter>
    </ClInclude>
    <ClInclude Include="SDLApplication.h">
      <Filter>Archivos de encabezado</Filter>
    </ClInclude>
  </ItemGroup>
</Project>